// !$*UTF8*$!
{
	archiveVersion = 1;
	classes = {
	};
	objectVersion = 46;
	objects = {

		232BDCFD6D0596FAB9DAFF7C = {isa = PBXBuildFile; fileRef = 1D8F51D42E940CCF56F101DB; };
		263A7C9AE2996F047E08BDC3 = {isa = PBXBuildFile; fileRef = FDEFAB9542ACD2B57DD6539E; };
		A38FAD376E2FECB12E8885BF = {isa = PBXBuildFile; fileRef = 7D77A632CC0F8727A45F740F; };
		501AF5E1B9D6118551E4F8A6 = {isa = PBXBuildFile; fileRef = 04D56B2AFDAF42130CE100C5; };
		86785D96B625BAA5C7825ECB = {isa = PBXBuildFile; fileRef = 0692267ECF0F7D1E484F08BF; };
		55637392BF935049171E4768 = {isa = PBXBuildFile; fileRef = AF134B65ADA0EAC174AE3DB5; };
		36555EEF494D4B59A3ED1D01 = {isa = PBXBuildFile; fileRef = D4CA08B1E4A4BDC96D66E4A7; };
		B95919D842E5829C0AD1D787 = {isa = PBXBuildFile; fileRef = B148E0FA23C86081A07CA9CD; };
		849A04CDD3BDF2C1E06BC885 = {isa = PBXBuildFile; fileRef = E9B51B05B508705CCC6C33AA; };
		4AC9397D301AAB49D6C8981F = {isa = PBXBuildFile; fileRef = 3E15263E24F8DE42F27C4F3F; };
		780310E6F4CA511F0BA3FFFC = {isa = PBXBuildFile; fileRef = D1F7E8143914E7313F759C0B; };
		17AF9C94FA8C4FD9ADAC2BE4 = {isa = PBXBuildFile; fileRef = 0380E44E2A85B109422E0C03; };
		DEC5F7DD659CE34E439D8BA8 = {isa = PBXBuildFile; fileRef = 03B544CF71324A7819B6F292; };
		EE1E45F5D5029790A433A53F = {isa = PBXBuildFile; fileRef = 48D960ACD83E06F55A2B93FA; };
		5A46BE43306E81556BCD3186 = {isa = PBXBuildFile; fileRef = 56DEE42731D69B3BB32D76BC; };
		18D8101549A313ACA5FB5DB7 = {isa = PBXBuildFile; fileRef = FB138B0ABE0A2F43850DD1AE; };
		B53C2CE34B1F3DB7BD517646 = {isa = PBXBuildFile; fileRef = 8BBF5AE44E8D40D74585984A; };
		92D9CC0186AFB9C21774B6B0 = {isa = PBXBuildFile; fileRef = 60621B25FC33BED80EF3FF1A; };
		B744B2D5AB00F4DEF0EA911E = {isa = PBXBuildFile; fileRef = 722AA99713CAE95B5CC60B84; };
		3D07749F0E3364568569FA1D = {isa = PBXBuildFile; fileRef = A3428AF30B63664CA8F458DE; };
		F956262A82CAD376D1BA7EDC = {isa = PBXBuildFile; fileRef = 774B77270E58060D9F56D501; };
		E6A337115F6230792EFB0571 = {isa = PBXBuildFile; fileRef = 9EF45B30F6197484755019CF; };
		00A70181DA03FB20B4BBFB0D = {isa = PBXBuildFile; fileRef = F2EA7D2204025771644727C7; };
		346349800378C0DA4949017A = {isa = PBXBuildFile; fileRef = 67F32DF198128C03260E6DE4; };
		0121C9EBB5DE0F843B1D86AF = {isa = PBXBuildFile; fileRef = 1417786ADDC364B6069594F3; };
		435E9EC3717C77BABADE5BBB = {isa = PBXBuildFile; fileRef = BB8D670AF3173701493D12EC; };
		88A0B8143DA4DAE5E1577A99 = {isa = PBXBuildFile; fileRef = 69179D72A46105691827784B; };
		BFEAB20A7CF08313DC2D5A7D = {isa = PBXBuildFile; fileRef = 2DD6A15847879F27F99DEC89; };
		5BA2E1320D0B984A84952A92 = {isa = PBXBuildFile; fileRef = B914D9AB88AA4CD8A19F2269; };
		D2C9A85342949B1F727D8139 = {isa = PBXBuildFile; fileRef = CD274A2BB2E7104FD118595C; };
		7B874FAFB49776AFA4F47495 = {isa = PBXBuildFile; fileRef = E333CECBCCD83A835E93DB81; };
		450FA17C1C8DED4AF15BADCB = {isa = PBXBuildFile; fileRef = F11DDCB4EFF82A01BE089C84; };
		0EA2438A15D83B252F859569 = {isa = PBXBuildFile; fileRef = BAF4A93767C53DE3F8AF1D88; };
		FF4B35078D74BD5C23349DA7 = {isa = PBXBuildFile; fileRef = F266317FA52F44DFAC660F3F; };
		73520A0CDE7DC7B124F97DC2 = {isa = PBXBuildFile; fileRef = B62AB47096A1A6726C902F0A; };
		8A3128DE594CF260959CD083 = {isa = PBXBuildFile; fileRef = F75C3CBE7646656EA5AD1564; };
		9F030F01759ACEA8FF2AFDFB = {isa = PBXBuildFile; fileRef = 95ED0E568DFC054F3980AB85; };
		A6526E17F943B9A6175C6753 = {isa = PBXBuildFile; fileRef = 6740CFD08DE11A16FBD43AF8; };
		6665AC1D7C579238816AA7A0 = {isa = PBXBuildFile; fileRef = FB690D052F18D5A33661E41B; };
		69C19AD75A6D22D512CA28D4 = {isa = PBXBuildFile; fileRef = 429D6CE7313B0D591D6FDCC7; };
		765EC1549224CE92DC6ACF31 = {isa = PBXBuildFile; fileRef = B3776DCC61DE815D255D9410; };
		4B0E4F9210BAB9723FC5A786 = {isa = PBXBuildFile; fileRef = F1657FB2FF773EC6E45667EC; };
		B2588A744F5187DACC06614B = {isa = PBXBuildFile; fileRef = 6A83B534A64C0CFED0E2D369; };
		40B456B2031D523E44689147 = {isa = PBXBuildFile; fileRef = 711BA03EFD60BD3B5CFE20C8; };
		A3545C93CB7EC7BABFD2C133 = {isa = PBXBuildFile; fileRef = D3DBD93F1D6CBED71FF7777E; };
		5AB0A0F659E25071D01C37F0 = {isa = PBXBuildFile; fileRef = FF1164B00F132991F150F30D; };
		E3593BAECA9934A9A85A0E98 = {isa = PBXBuildFile; fileRef = B1B358542ADD46086C9C808E; };
		5E2EE52A4A1878A693FCBAAF = {isa = PBXBuildFile; fileRef = 862289573C772BE084C11D19; };
		E7C8F66148A5A58AB7D0EA55 = {isa = PBXBuildFile; fileRef = BB933412B01958E0D573349A; };
		0380E44E2A85B109422E0C03 = {isa = PBXFileReference; lastKnownFileType = wrapper.framework; name = Cocoa.framework; path = System/Library/Frameworks/Cocoa.framework; sourceTree = SDKROOT; };
		03B544CF71324A7819B6F292 = {isa = PBXFileReference; lastKnownFileType = wrapper.framework; name = CoreAudio.framework; path = System/Library/Frameworks/CoreAudio.framework; sourceTree = SDKROOT; };
		08BB18BA098E296FF0F4E5A2 = {isa = PBXFileReference; lastKnownFileType = file; name = "juce_opengl"; path = "~/JUCE/modules/juce_opengl"; sourceTree = "<absolute>"; };
		1417786ADDC364B6069594F3 = {isa = PBXFileReference; lastKnownFileType = sourcecode.c.h; name = GainPluginEditor.hpp; path = ../../Source/GainPluginEditor.hpp; sourceTree = "SOURCE_ROOT"; };
		1D8F51D42E940CCF56F101DB = {isa = PBXFileReference; explicitFileType = wrapper.cfbundle; includeInIndex = 0; path = Overrdrive.vst; sourceTree = "BUILT_PRODUCTS_DIR"; };
		2A15E2E93F63B1A2673118AF = {isa = PBXFileReference; lastKnownFileType = file; name = "juce_audio_processors"; path = "~/JUCE/modules/juce_audio_processors"; sourceTree = "<absolute>"; };
		2ABAD529A56CC1B9D3BCF8F4 = {isa = PBXFileReference; lastKnownFileType = file; name = "juce_gui_basics"; path = "~/JUCE/modules/juce_gui_basics"; sourceTree = "<absolute>"; };
		3C79EE0E6192FF2E3E93A308 = {isa = PBXFileReference; lastKnownFileType = sourcecode.c.h; name = AppConfig.h; path = ../../JuceLibraryCode/AppConfig.h; sourceTree = "SOURCE_ROOT"; };
		46C8B00DE27D3C6E45D6E35A = {isa = PBXFileReference; lastKnownFileType = file; name = "juce_events"; path = "~/JUCE/modules/juce_events"; sourceTree = "<absolute>"; };
		FDEFAB9542ACD2B57DD6539E = {isa = PBXFileReference; explicitFileType = wrapper.cfbundle; includeInIndex = 0; path = Overrdrive.vst3; sourceTree = "BUILT_PRODUCTS_DIR"; };
		7D77A632CC0F8727A45F740F = {isa = PBXFileReference; explicitFileType = wrapper.cfbundle; includeInIndex = 0; path = Overrdrive.component; sourceTree = "BUILT_PRODUCTS_DIR"; };
		04D56B2AFDAF42130CE100C5 = {isa = PBXFileReference; explicitFileType = wrapper.application; includeInIndex = 0; path = Overrdrive.app; sourceTree = "BUILT_PRODUCTS_DIR"; };
		0692267ECF0F7D1E484F08BF = {isa = PBXFileReference; explicitFileType = archive.ar; includeInIndex = 0; path = libOverrdrive.a; sourceTree = "BUILT_PRODUCTS_DIR"; };
		2DD6A15847879F27F99DEC89 = {isa = PBXFileReference; lastKnownFileType = sourcecode.cpp.objcpp; name = "include_juce_audio_basics.mm"; path = "../../JuceLibraryCode/include_juce_audio_basics.mm"; sourceTree = "SOURCE_ROOT"; };
		3E15263E24F8DE42F27C4F3F = {isa = PBXFileReference; lastKnownFileType = wrapper.framework; name = AVKit.framework; path = System/Library/Frameworks/AVKit.framework; sourceTree = SDKROOT; };
		429D6CE7313B0D591D6FDCC7 = {isa = PBXFileReference; lastKnownFileType = sourcecode.cpp.objcpp; name = "include_juce_audio_utils.mm"; path = "../../JuceLibraryCode/include_juce_audio_utils.mm"; sourceTree = "SOURCE_ROOT"; };
		48D960ACD83E06F55A2B93FA = {isa = PBXFileReference; lastKnownFileType = wrapper.framework; name = CoreAudioKit.framework; path = System/Library/Frameworks/CoreAudioKit.framework; sourceTree = SDKROOT; };
		56DEE42731D69B3BB32D76BC = {isa = PBXFileReference; lastKnownFileType = wrapper.framework; name = CoreMedia.framework; path = System/Library/Frameworks/CoreMedia.framework; sourceTree = SDKROOT; };
		5C855A0B911EB6375AF2EF7E = {isa = PBXFileReference; lastKnownFileType = file; name = "juce_audio_formats"; path = "~/JUCE/modules/juce_audio_formats"; sourceTree = "<absolute>"; };
		60621B25FC33BED80EF3FF1A = {isa = PBXFileReference; lastKnownFileType = wrapper.framework; name = IOKit.framework; path = System/Library/Frameworks/IOKit.framework; sourceTree = SDKROOT; };
		6740CFD08DE11A16FBD43AF8 = {isa = PBXFileReference; lastKnownFileType = sourcecode.cpp.cpp; name = "include_juce_audio_plugin_client_VST3.cpp"; path = "../../JuceLibraryCode/include_juce_audio_plugin_client_VST3.cpp"; sourceTree = "SOURCE_ROOT"; };
		67F32DF198128C03260E6DE4 = {isa = PBXFileReference; lastKnownFileType = sourcecode.cpp.cpp; name = Distortion.cpp; path = ../../Source/Distortion.cpp; sourceTree = "SOURCE_ROOT"; };
		69179D72A46105691827784B = {isa = PBXFileReference; lastKnownFileType = sourcecode.c.h; name = GainPluginProcessor.hpp; path = ../../Source/GainPluginProcessor.hpp; sourceTree = "SOURCE_ROOT"; };
		6A7FD248C01326D6E9F18358 = {isa = PBXFileReference; lastKnownFileType = text.plist.xml; name = Overrdrive.entitlements; path = Overrdrive.entitlements; sourceTree = "SOURCE_ROOT"; };
		6A83B534A64C0CFED0E2D369 = {isa = PBXFileReference; lastKnownFileType = sourcecode.cpp.objcpp; name = "include_juce_data_structures.mm"; path = "../../JuceLibraryCode/include_juce_data_structures.mm"; sourceTree = "SOURCE_ROOT"; };
		6D6C310B842F6F10FE439D70 = {isa = PBXFileReference; lastKnownFileType = text.plist.xml; name = "Info-AU.plist"; path = "Info-AU.plist"; sourceTree = "SOURCE_ROOT"; };
		711BA03EFD60BD3B5CFE20C8 = {isa = PBXFileReference; lastKnownFileType = sourcecode.cpp.objcpp; name = "include_juce_events.mm"; path = "../../JuceLibraryCode/include_juce_events.mm"; sourceTree = "SOURCE_ROOT"; };
		722AA99713CAE95B5CC60B84 = {isa = PBXFileReference; lastKnownFileType = wrapper.framework; name = OpenGL.framework; path = System/Library/Frameworks/OpenGL.framework; sourceTree = SDKROOT; };
		73349C2DA9D8FE130E04DB2E = {isa = PBXFileReference; lastKnownFileType = file; name = "juce_data_structures"; path = "~/JUCE/modules/juce_data_structures"; sourceTree = "<absolute>"; };
		739BF0E3CCB960B7203BC47B = {isa = PBXFileReference; lastKnownFileType = sourcecode.c.h; name = JuceHeader.h; path = ../../JuceLibraryCode/JuceHeader.h; sourceTree = "SOURCE_ROOT"; };
		774B77270E58060D9F56D501 = {isa = PBXFileReference; lastKnownFileType = wrapper.framework; name = WebKit.framework; path = System/Library/Frameworks/WebKit.framework; sourceTree = SDKROOT; };
		7C102D7DC3E6B526C55FF6B3 = {isa = PBXFileReference; lastKnownFileType = file; name = "juce_graphics"; path = "~/JUCE/modules/juce_graphics"; sourceTree = "<absolute>"; };
		862289573C772BE084C11D19 = {isa = PBXFileReference; lastKnownFileType = sourcecode.cpp.objcpp; name = "include_juce_opengl.mm"; path = "../../JuceLibraryCode/include_juce_opengl.mm"; sourceTree = "SOURCE_ROOT"; };
		8BBF5AE44E8D40D74585984A = {isa = PBXFileReference; lastKnownFileType = wrapper.framework; name = DiscRecording.framework; path = System/Library/Frameworks/DiscRecording.framework; sourceTree = SDKROOT; };
		95ED0E568DFC054F3980AB85 = {isa = PBXFileReference; lastKnownFileType = sourcecode.cpp.cpp; name = "include_juce_audio_plugin_client_VST2.cpp"; path = "../../JuceLibraryCode/include_juce_audio_plugin_client_VST2.cpp"; sourceTree = "SOURCE_ROOT"; };
		9798A063FCB0D739B1ED10EF = {isa = PBXFileReference; lastKnownFileType = sourcecode.c.h; name = Distortion.hpp; path = ../../Source/Distortion.hpp; sourceTree = "SOURCE_ROOT"; };
		9EF45B30F6197484755019CF = {isa = PBXFileReference; lastKnownFileType = file.nib; name = RecentFilesMenuTemplate.nib; path = RecentFilesMenuTemplate.nib; sourceTree = "SOURCE_ROOT"; };
		A3428AF30B63664CA8F458DE = {isa = PBXFileReference; lastKnownFileType = wrapper.framework; name = QuartzCore.framework; path = System/Library/Frameworks/QuartzCore.framework; sourceTree = SDKROOT; };
		A9B051914A63099165A557BE = {isa = PBXFileReference; lastKnownFileType = text.plist.xml; name = "Info-Standalone_Plugin.plist"; path = "Info-Standalone_Plugin.plist"; sourceTree = "SOURCE_ROOT"; };
		AF134B65ADA0EAC174AE3DB5 = {isa = PBXFileReference; lastKnownFileType = wrapper.framework; name = Accelerate.framework; path = System/Library/Frameworks/Accelerate.framework; sourceTree = SDKROOT; };
		B148E0FA23C86081A07CA9CD = {isa = PBXFileReference; lastKnownFileType = wrapper.framework; name = AudioUnit.framework; path = System/Library/Frameworks/AudioUnit.framework; sourceTree = SDKROOT; };
		B1B358542ADD46086C9C808E = {isa = PBXFileReference; lastKnownFileType = sourcecode.cpp.objcpp; name = "include_juce_gui_extra.mm"; path = "../../JuceLibraryCode/include_juce_gui_extra.mm"; sourceTree = "SOURCE_ROOT"; };
		B3776DCC61DE815D255D9410 = {isa = PBXFileReference; lastKnownFileType = sourcecode.cpp.objcpp; name = "include_juce_core.mm"; path = "../../JuceLibraryCode/include_juce_core.mm"; sourceTree = "SOURCE_ROOT"; };
		B62AB47096A1A6726C902F0A = {isa = PBXFileReference; lastKnownFileType = sourcecode.cpp.cpp; name = "include_juce_audio_plugin_client_utils.cpp"; path = "../../JuceLibraryCode/include_juce_audio_plugin_client_utils.cpp"; sourceTree = "SOURCE_ROOT"; };
		B914D9AB88AA4CD8A19F2269 = {isa = PBXFileReference; lastKnownFileType = sourcecode.cpp.objcpp; name = "include_juce_audio_devices.mm"; path = "../../JuceLibraryCode/include_juce_audio_devices.mm"; sourceTree = "SOURCE_ROOT"; };
		BA851CD57513C84F512971A1 = {isa = PBXFileReference; lastKnownFileType = text.plist.xml; name = "Info-VST.plist"; path = "Info-VST.plist"; sourceTree = "SOURCE_ROOT"; };
		BAF4A93767C53DE3F8AF1D88 = {isa = PBXFileReference; lastKnownFileType = sourcecode.cpp.objcpp; name = "include_juce_audio_plugin_client_AU_2.mm"; path = "../../JuceLibraryCode/include_juce_audio_plugin_client_AU_2.mm"; sourceTree = "SOURCE_ROOT"; };
		BB8D670AF3173701493D12EC = {isa = PBXFileReference; lastKnownFileType = sourcecode.cpp.cpp; name = GainPluginProcessor.cpp; path = ../../Source/GainPluginProcessor.cpp; sourceTree = "SOURCE_ROOT"; };
		BB933412B01958E0D573349A = {isa = PBXFileReference; lastKnownFileType = sourcecode.cpp.objcpp; name = "include_juce_video.mm"; path = "../../JuceLibraryCode/include_juce_video.mm"; sourceTree = "SOURCE_ROOT"; };
		BCFB2728D03D571925B0D550 = {isa = PBXFileReference; lastKnownFileType = file; name = "juce_audio_utils"; path = "~/JUCE/modules/juce_audio_utils"; sourceTree = "<absolute>"; };
		CD274A2BB2E7104FD118595C = {isa = PBXFileReference; lastKnownFileType = sourcecode.cpp.objcpp; name = "include_juce_audio_formats.mm"; path = "../../JuceLibraryCode/include_juce_audio_formats.mm"; sourceTree = "SOURCE_ROOT"; };
		CE63854F2A0430D404199A5D = {isa = PBXFileReference; lastKnownFileType = file; name = "juce_audio_basics"; path = "~/JUCE/modules/juce_audio_basics"; sourceTree = "<absolute>"; };
		D1F7E8143914E7313F759C0B = {isa = PBXFileReference; lastKnownFileType = wrapper.framework; name = Carbon.framework; path = System/Library/Frameworks/Carbon.framework; sourceTree = SDKROOT; };
		D251A8FE2B0DDCC51C48E167 = {isa = PBXFileReference; lastKnownFileType = file; name = "juce_core"; path = "~/JUCE/modules/juce_core"; sourceTree = "<absolute>"; };
		D3DBD93F1D6CBED71FF7777E = {isa = PBXFileReference; lastKnownFileType = sourcecode.cpp.objcpp; name = "include_juce_graphics.mm"; path = "../../JuceLibraryCode/include_juce_graphics.mm"; sourceTree = "SOURCE_ROOT"; };
		D4CA08B1E4A4BDC96D66E4A7 = {isa = PBXFileReference; lastKnownFileType = wrapper.framework; name = AudioToolbox.framework; path = System/Library/Frameworks/AudioToolbox.framework; sourceTree = SDKROOT; };
		E333CECBCCD83A835E93DB81 = {isa = PBXFileReference; lastKnownFileType = file.r; name = "include_juce_audio_plugin_client_AU.r"; path = "../../JuceLibraryCode/include_juce_audio_plugin_client_AU.r"; sourceTree = "SOURCE_ROOT"; };
		E408008E177F6733C5F00B3C = {isa = PBXFileReference; lastKnownFileType = file; name = "juce_audio_devices"; path = "~/JUCE/modules/juce_audio_devices"; sourceTree = "<absolute>"; };
		E9B51B05B508705CCC6C33AA = {isa = PBXFileReference; lastKnownFileType = wrapper.framework; name = AVFoundation.framework; path = System/Library/Frameworks/AVFoundation.framework; sourceTree = SDKROOT; };
		EBDF388436275E15D23F18B3 = {isa = PBXFileReference; lastKnownFileType = file; name = "juce_gui_extra"; path = "~/JUCE/modules/juce_gui_extra"; sourceTree = "<absolute>"; };
		EC12ADB1171C7EEA141974E7 = {isa = PBXFileReference; lastKnownFileType = file; name = "juce_video"; path = "~/JUCE/modules/juce_video"; sourceTree = "<absolute>"; };
		EEC16AA70339E619A0B0A718 = {isa = PBXFileReference; lastKnownFileType = file; name = "juce_cryptography"; path = "~/JUCE/modules/juce_cryptography"; sourceTree = "<absolute>"; };
		F11DDCB4EFF82A01BE089C84 = {isa = PBXFileReference; lastKnownFileType = sourcecode.cpp.objcpp; name = "include_juce_audio_plugin_client_AU_1.mm"; path = "../../JuceLibraryCode/include_juce_audio_plugin_client_AU_1.mm"; sourceTree = "SOURCE_ROOT"; };
		F1657FB2FF773EC6E45667EC = {isa = PBXFileReference; lastKnownFileType = sourcecode.cpp.objcpp; name = "include_juce_cryptography.mm"; path = "../../JuceLibraryCode/include_juce_cryptography.mm"; sourceTree = "SOURCE_ROOT"; };
		F266317FA52F44DFAC660F3F = {isa = PBXFileReference; lastKnownFileType = sourcecode.cpp.cpp; name = "include_juce_audio_plugin_client_Standalone.cpp"; path = "../../JuceLibraryCode/include_juce_audio_plugin_client_Standalone.cpp"; sourceTree = "SOURCE_ROOT"; };
		F2EA7D2204025771644727C7 = {isa = PBXFileReference; lastKnownFileType = sourcecode.cpp.cpp; name = GainPluginEditor.cpp; path = ../../Source/GainPluginEditor.cpp; sourceTree = "SOURCE_ROOT"; };
		F6A2272567020FAD8AEACBF3 = {isa = PBXFileReference; lastKnownFileType = text.plist.xml; name = "Info-VST3.plist"; path = "Info-VST3.plist"; sourceTree = "SOURCE_ROOT"; };
		F75C3CBE7646656EA5AD1564 = {isa = PBXFileReference; lastKnownFileType = sourcecode.cpp.objcpp; name = "include_juce_audio_plugin_client_VST_utils.mm"; path = "../../JuceLibraryCode/include_juce_audio_plugin_client_VST_utils.mm"; sourceTree = "SOURCE_ROOT"; };
		F76401B2F985D86FCBD538C1 = {isa = PBXFileReference; lastKnownFileType = file; name = "juce_audio_plugin_client"; path = "~/JUCE/modules/juce_audio_plugin_client"; sourceTree = "<absolute>"; };
		FB138B0ABE0A2F43850DD1AE = {isa = PBXFileReference; lastKnownFileType = wrapper.framework; name = CoreMIDI.framework; path = System/Library/Frameworks/CoreMIDI.framework; sourceTree = SDKROOT; };
		FB690D052F18D5A33661E41B = {isa = PBXFileReference; lastKnownFileType = sourcecode.cpp.objcpp; name = "include_juce_audio_processors.mm"; path = "../../JuceLibraryCode/include_juce_audio_processors.mm"; sourceTree = "SOURCE_ROOT"; };
		FF1164B00F132991F150F30D = {isa = PBXFileReference; lastKnownFileType = sourcecode.cpp.objcpp; name = "include_juce_gui_basics.mm"; path = "../../JuceLibraryCode/include_juce_gui_basics.mm"; sourceTree = "SOURCE_ROOT"; };
		760AD279069A10CF54260B9E = {isa = PBXGroup; children = (
					F2EA7D2204025771644727C7,
					67F32DF198128C03260E6DE4,
					9798A063FCB0D739B1ED10EF,
					1417786ADDC364B6069594F3,
					BB8D670AF3173701493D12EC,
					69179D72A46105691827784B, ); name = Source; sourceTree = "<group>"; };
		B7E7CD7E49852560D9F529F3 = {isa = PBXGroup; children = (
					760AD279069A10CF54260B9E, ); name = Overrdrive; sourceTree = "<group>"; };
		8BBE3C04A97D2BECC017EF88 = {isa = PBXGroup; children = (
					CE63854F2A0430D404199A5D,
					E408008E177F6733C5F00B3C,
					5C855A0B911EB6375AF2EF7E,
					F76401B2F985D86FCBD538C1,
					2A15E2E93F63B1A2673118AF,
					BCFB2728D03D571925B0D550,
					D251A8FE2B0DDCC51C48E167,
					EEC16AA70339E619A0B0A718,
					73349C2DA9D8FE130E04DB2E,
					46C8B00DE27D3C6E45D6E35A,
					7C102D7DC3E6B526C55FF6B3,
					2ABAD529A56CC1B9D3BCF8F4,
					EBDF388436275E15D23F18B3,
					08BB18BA098E296FF0F4E5A2,
					EC12ADB1171C7EEA141974E7, ); name = "JUCE Modules"; sourceTree = "<group>"; };
		E52564FC6C0259B2006898E7 = {isa = PBXGroup; children = (
					3C79EE0E6192FF2E3E93A308,
					2DD6A15847879F27F99DEC89,
					B914D9AB88AA4CD8A19F2269,
					CD274A2BB2E7104FD118595C,
					E333CECBCCD83A835E93DB81,
					F11DDCB4EFF82A01BE089C84,
					BAF4A93767C53DE3F8AF1D88,
					F266317FA52F44DFAC660F3F,
					B62AB47096A1A6726C902F0A,
					F75C3CBE7646656EA5AD1564,
					95ED0E568DFC054F3980AB85,
					6740CFD08DE11A16FBD43AF8,
					FB690D052F18D5A33661E41B,
					429D6CE7313B0D591D6FDCC7,
					B3776DCC61DE815D255D9410,
					F1657FB2FF773EC6E45667EC,
					6A83B534A64C0CFED0E2D369,
					711BA03EFD60BD3B5CFE20C8,
					D3DBD93F1D6CBED71FF7777E,
					FF1164B00F132991F150F30D,
					B1B358542ADD46086C9C808E,
					862289573C772BE084C11D19,
					BB933412B01958E0D573349A,
					739BF0E3CCB960B7203BC47B, ); name = "JUCE Library Code"; sourceTree = "<group>"; };
		08AC1B91103B3476DCB70D81 = {isa = PBXGroup; children = (
					BA851CD57513C84F512971A1,
					F6A2272567020FAD8AEACBF3,
					6D6C310B842F6F10FE439D70,
					A9B051914A63099165A557BE,
					9EF45B30F6197484755019CF, ); name = Resources; sourceTree = "<group>"; };
		CA6856EE4B77541A1E4765A6 = {isa = PBXGroup; children = (
					AF134B65ADA0EAC174AE3DB5,
					D4CA08B1E4A4BDC96D66E4A7,
					B148E0FA23C86081A07CA9CD,
					E9B51B05B508705CCC6C33AA,
					3E15263E24F8DE42F27C4F3F,
					D1F7E8143914E7313F759C0B,
					0380E44E2A85B109422E0C03,
					03B544CF71324A7819B6F292,
					48D960ACD83E06F55A2B93FA,
					56DEE42731D69B3BB32D76BC,
					FB138B0ABE0A2F43850DD1AE,
					8BBF5AE44E8D40D74585984A,
					60621B25FC33BED80EF3FF1A,
					722AA99713CAE95B5CC60B84,
					A3428AF30B63664CA8F458DE,
					774B77270E58060D9F56D501, ); name = Frameworks; sourceTree = "<group>"; };
		87FA84476552D9FB0F70090D = {isa = PBXGroup; children = (
					1D8F51D42E940CCF56F101DB,
					FDEFAB9542ACD2B57DD6539E,
					7D77A632CC0F8727A45F740F,
					04D56B2AFDAF42130CE100C5,
					0692267ECF0F7D1E484F08BF, ); name = Products; sourceTree = "<group>"; };
		43E78A6ACCE56174C48E5296 = {isa = PBXGroup; children = (
					6A7FD248C01326D6E9F18358,
					B7E7CD7E49852560D9F529F3,
					8BBE3C04A97D2BECC017EF88,
					E52564FC6C0259B2006898E7,
					08AC1B91103B3476DCB70D81,
					CA6856EE4B77541A1E4765A6,
					87FA84476552D9FB0F70090D, ); name = Source; sourceTree = "<group>"; };
		F7DF046882FF2D67E9A3A7F5 = {isa = XCBuildConfiguration; buildSettings = {
				MACOSX_DEPLOYMENT_TARGET = 10.11; }; name = Debug; };
		D2C48703EEFF34E48301EB63 = {isa = XCBuildConfiguration; buildSettings = {
				MACOSX_DEPLOYMENT_TARGET = 10.11; }; name = Release; };
		BBA8396CBFD1E8B60B6D16DE = {isa = XCBuildConfiguration; buildSettings = {
				CLANG_CXX_LANGUAGE_STANDARD = "c++11";
				CLANG_LINK_OBJC_RUNTIME = NO;
				COMBINE_HIDPI_IMAGES = YES;
				CONFIGURATION_BUILD_DIR = "$(PROJECT_DIR)/build/$(CONFIGURATION)";
				COPY_PHASE_STRIP = NO;
				DEPLOYMENT_LOCATION = YES;
				DSTROOT = /;
				GCC_DYNAMIC_NO_PIC = NO;
				GCC_OPTIMIZATION_LEVEL = 0;
				GCC_PREPROCESSOR_DEFINITIONS = (
					"_DEBUG=1",
					"DEBUG=1",
					"JUCER_XCODE_MAC_F6D2F4CF=1",
					"JUCE_APP_VERSION=1.0.0",
					"JUCE_APP_VERSION_HEX=0x10000",
					"JucePlugin_Build_VST=1",
					"JucePlugin_Build_VST3=0",
					"JucePlugin_Build_AU=0",
					"JucePlugin_Build_AUv3=0",
					"JucePlugin_Build_RTAS=0",
					"JucePlugin_Build_AAX=0",
					"JucePlugin_Build_Standalone=0", );
				GCC_VERSION = com.apple.compilers.llvm.clang.1_0;
				GENERATE_PKGINFO_FILE = YES;
				HEADER_SEARCH_PATHS = ("~/vst3sdk", "../../JuceLibraryCode", "~/JUCE/modules", "~/JUCE/modules/juce_audio_plugin_client", "$(inherited)");
				INFOPLIST_FILE = Info-VST.plist;
				INFOPLIST_PREPROCESS = NO;
				INSTALL_PATH = "$(HOME)/Library/Audio/Plug-Ins/VST/";
				LIBRARY_STYLE = Bundle;
				MACOSX_DEPLOYMENT_TARGET = 10.11;
				MACOSX_DEPLOYMENT_TARGET_ppc = 10.4;
				OTHER_LDFLAGS = "-bundle -lOverrdrive";
				PRODUCT_BUNDLE_IDENTIFIER = com.savonetj.Overdrive;
				SDKROOT_ppc = macosx10.5;
				USE_HEADERMAP = NO;
				WRAPPER_EXTENSION = vst; }; name = Debug; };
		CA019B53CBE69C26D524B728 = {isa = XCBuildConfiguration; buildSettings = {
				CLANG_CXX_LANGUAGE_STANDARD = "c++11";
				CLANG_LINK_OBJC_RUNTIME = NO;
				COMBINE_HIDPI_IMAGES = YES;
				CONFIGURATION_BUILD_DIR = "$(PROJECT_DIR)/build/$(CONFIGURATION)";
				DEAD_CODE_STRIPPING = YES;
				DEPLOYMENT_LOCATION = YES;
				DSTROOT = /;
				GCC_GENERATE_DEBUGGING_SYMBOLS = NO;
				GCC_OPTIMIZATION_LEVEL = 3;
				GCC_PREPROCESSOR_DEFINITIONS = (
					"_NDEBUG=1",
					"NDEBUG=1",
					"JUCER_XCODE_MAC_F6D2F4CF=1",
					"JUCE_APP_VERSION=1.0.0",
					"JUCE_APP_VERSION_HEX=0x10000",
					"JucePlugin_Build_VST=1",
					"JucePlugin_Build_VST3=0",
					"JucePlugin_Build_AU=0",
					"JucePlugin_Build_AUv3=0",
					"JucePlugin_Build_RTAS=0",
					"JucePlugin_Build_AAX=0",
					"JucePlugin_Build_Standalone=0", );
				GCC_SYMBOLS_PRIVATE_EXTERN = YES;
				GCC_VERSION = com.apple.compilers.llvm.clang.1_0;
				GENERATE_PKGINFO_FILE = YES;
				HEADER_SEARCH_PATHS = ("~/vst3sdk", "../../JuceLibraryCode", "~/JUCE/modules", "~/JUCE/modules/juce_audio_plugin_client", "$(inherited)");
				INFOPLIST_FILE = Info-VST.plist;
				INFOPLIST_PREPROCESS = NO;
				INSTALL_PATH = "$(HOME)/Library/Audio/Plug-Ins/VST/";
				LIBRARY_STYLE = Bundle;
				LLVM_LTO = YES;
				MACOSX_DEPLOYMENT_TARGET = 10.11;
				MACOSX_DEPLOYMENT_TARGET_ppc = 10.4;
				OTHER_LDFLAGS = "-bundle -lOverrdrive";
				PRODUCT_BUNDLE_IDENTIFIER = com.savonetj.Overdrive;
				SDKROOT_ppc = macosx10.5;
				USE_HEADERMAP = NO;
				WRAPPER_EXTENSION = vst; }; name = Release; };
		A9CA1E7801CFF82B49143697 = {isa = XCBuildConfiguration; buildSettings = {
				CLANG_CXX_LANGUAGE_STANDARD = "c++11";
				CLANG_LINK_OBJC_RUNTIME = NO;
				COMBINE_HIDPI_IMAGES = YES;
				CONFIGURATION_BUILD_DIR = "$(PROJECT_DIR)/build/$(CONFIGURATION)";
				COPY_PHASE_STRIP = NO;
				DEPLOYMENT_LOCATION = YES;
				DSTROOT = /;
				GCC_DYNAMIC_NO_PIC = NO;
				GCC_OPTIMIZATION_LEVEL = 0;
				GCC_PREPROCESSOR_DEFINITIONS = (
					"_DEBUG=1",
					"DEBUG=1",
					"JUCER_XCODE_MAC_F6D2F4CF=1",
					"JUCE_APP_VERSION=1.0.0",
					"JUCE_APP_VERSION_HEX=0x10000",
					"JucePlugin_Build_VST=0",
					"JucePlugin_Build_VST3=1",
					"JucePlugin_Build_AU=0",
					"JucePlugin_Build_AUv3=0",
					"JucePlugin_Build_RTAS=0",
					"JucePlugin_Build_AAX=0",
					"JucePlugin_Build_Standalone=0", );
				GCC_VERSION = com.apple.compilers.llvm.clang.1_0;
				GENERATE_PKGINFO_FILE = YES;
				HEADER_SEARCH_PATHS = ("~/vst3sdk", "../../JuceLibraryCode", "~/JUCE/modules", "~/JUCE/modules/juce_audio_plugin_client", "$(inherited)");
				INFOPLIST_FILE = Info-VST3.plist;
				INFOPLIST_PREPROCESS = NO;
				INSTALL_PATH = "$(HOME)/Library/Audio/Plug-Ins/VST3/";
				LIBRARY_STYLE = Bundle;
				MACOSX_DEPLOYMENT_TARGET = 10.11;
				MACOSX_DEPLOYMENT_TARGET_ppc = 10.4;
				OTHER_LDFLAGS = "-bundle -lOverrdrive";
				PRODUCT_BUNDLE_IDENTIFIER = com.savonetj.Overdrive;
				SDKROOT_ppc = macosx10.5;
				USE_HEADERMAP = NO;
				WRAPPER_EXTENSION = vst3; }; name = Debug; };
		C8F672434AE10C894459BA2B = {isa = XCBuildConfiguration; buildSettings = {
				CLANG_CXX_LANGUAGE_STANDARD = "c++11";
				CLANG_LINK_OBJC_RUNTIME = NO;
				COMBINE_HIDPI_IMAGES = YES;
				CONFIGURATION_BUILD_DIR = "$(PROJECT_DIR)/build/$(CONFIGURATION)";
				DEAD_CODE_STRIPPING = YES;
				DEPLOYMENT_LOCATION = YES;
				DSTROOT = /;
				GCC_GENERATE_DEBUGGING_SYMBOLS = NO;
				GCC_OPTIMIZATION_LEVEL = 3;
				GCC_PREPROCESSOR_DEFINITIONS = (
					"_NDEBUG=1",
					"NDEBUG=1",
					"JUCER_XCODE_MAC_F6D2F4CF=1",
					"JUCE_APP_VERSION=1.0.0",
					"JUCE_APP_VERSION_HEX=0x10000",
					"JucePlugin_Build_VST=0",
					"JucePlugin_Build_VST3=1",
					"JucePlugin_Build_AU=0",
					"JucePlugin_Build_AUv3=0",
					"JucePlugin_Build_RTAS=0",
					"JucePlugin_Build_AAX=0",
					"JucePlugin_Build_Standalone=0", );
				GCC_SYMBOLS_PRIVATE_EXTERN = YES;
				GCC_VERSION = com.apple.compilers.llvm.clang.1_0;
				GENERATE_PKGINFO_FILE = YES;
				HEADER_SEARCH_PATHS = ("~/vst3sdk", "../../JuceLibraryCode", "~/JUCE/modules", "~/JUCE/modules/juce_audio_plugin_client", "$(inherited)");
				INFOPLIST_FILE = Info-VST3.plist;
				INFOPLIST_PREPROCESS = NO;
				INSTALL_PATH = "$(HOME)/Library/Audio/Plug-Ins/VST3/";
				LIBRARY_STYLE = Bundle;
				LLVM_LTO = YES;
				MACOSX_DEPLOYMENT_TARGET = 10.11;
				MACOSX_DEPLOYMENT_TARGET_ppc = 10.4;
				OTHER_LDFLAGS = "-bundle -lOverrdrive";
				PRODUCT_BUNDLE_IDENTIFIER = com.savonetj.Overdrive;
				SDKROOT_ppc = macosx10.5;
				USE_HEADERMAP = NO;
				WRAPPER_EXTENSION = vst3; }; name = Release; };
		3C43EA126A02146619290C2C = {isa = XCBuildConfiguration; buildSettings = {
				CLANG_CXX_LANGUAGE_STANDARD = "c++11";
				CLANG_LINK_OBJC_RUNTIME = NO;
				COMBINE_HIDPI_IMAGES = YES;
				CONFIGURATION_BUILD_DIR = "$(PROJECT_DIR)/build/$(CONFIGURATION)";
				COPY_PHASE_STRIP = NO;
				DEPLOYMENT_LOCATION = YES;
				DSTROOT = /;
				GCC_DYNAMIC_NO_PIC = NO;
				GCC_OPTIMIZATION_LEVEL = 0;
				GCC_PREPROCESSOR_DEFINITIONS = (
					"_DEBUG=1",
					"DEBUG=1",
					"JUCER_XCODE_MAC_F6D2F4CF=1",
					"JUCE_APP_VERSION=1.0.0",
					"JUCE_APP_VERSION_HEX=0x10000",
					"JucePlugin_Build_VST=0",
					"JucePlugin_Build_VST3=0",
					"JucePlugin_Build_AU=1",
					"JucePlugin_Build_AUv3=0",
					"JucePlugin_Build_RTAS=0",
					"JucePlugin_Build_AAX=0",
					"JucePlugin_Build_Standalone=0", );
				GCC_VERSION = com.apple.compilers.llvm.clang.1_0;
				GENERATE_PKGINFO_FILE = YES;
				HEADER_SEARCH_PATHS = ("~/vst3sdk", "../../JuceLibraryCode", "~/JUCE/modules", "~/JUCE/modules/juce_audio_plugin_client", "$(inherited)");
				INFOPLIST_FILE = Info-AU.plist;
				INFOPLIST_PREPROCESS = NO;
				INSTALL_PATH = "$(HOME)/Library/Audio/Plug-Ins/Components/";
				LIBRARY_STYLE = Bundle;
				MACOSX_DEPLOYMENT_TARGET = 10.11;
				MACOSX_DEPLOYMENT_TARGET_ppc = 10.4;
				OTHER_LDFLAGS = "-bundle -lOverrdrive";
				OTHER_REZFLAGS = "-d ppc_$ppc -d i386_$i386 -d ppc64_$ppc64 -d x86_64_$x86_64 -I /System/Library/Frameworks/CoreServices.framework/Frameworks/CarbonCore.framework/Versions/A/Headers -I \"$(DEVELOPER_DIR)/Extras/CoreAudio/AudioUnits/AUPublic/AUBase\"";
				PRODUCT_BUNDLE_IDENTIFIER = com.savonetj.Overdrive;
				SDKROOT_ppc = macosx10.5;
				USE_HEADERMAP = NO;
				WRAPPER_EXTENSION = component; }; name = Debug; };
		A6496CF55FB6C74D0FDD0549 = {isa = XCBuildConfiguration; buildSettings = {
				CLANG_CXX_LANGUAGE_STANDARD = "c++11";
				CLANG_LINK_OBJC_RUNTIME = NO;
				COMBINE_HIDPI_IMAGES = YES;
				CONFIGURATION_BUILD_DIR = "$(PROJECT_DIR)/build/$(CONFIGURATION)";
				DEAD_CODE_STRIPPING = YES;
				DEPLOYMENT_LOCATION = YES;
				DSTROOT = /;
				GCC_GENERATE_DEBUGGING_SYMBOLS = NO;
				GCC_OPTIMIZATION_LEVEL = 3;
				GCC_PREPROCESSOR_DEFINITIONS = (
					"_NDEBUG=1",
					"NDEBUG=1",
					"JUCER_XCODE_MAC_F6D2F4CF=1",
					"JUCE_APP_VERSION=1.0.0",
					"JUCE_APP_VERSION_HEX=0x10000",
					"JucePlugin_Build_VST=0",
					"JucePlugin_Build_VST3=0",
					"JucePlugin_Build_AU=1",
					"JucePlugin_Build_AUv3=0",
					"JucePlugin_Build_RTAS=0",
					"JucePlugin_Build_AAX=0",
					"JucePlugin_Build_Standalone=0", );
				GCC_SYMBOLS_PRIVATE_EXTERN = YES;
				GCC_VERSION = com.apple.compilers.llvm.clang.1_0;
				GENERATE_PKGINFO_FILE = YES;
				HEADER_SEARCH_PATHS = ("~/vst3sdk", "../../JuceLibraryCode", "~/JUCE/modules", "~/JUCE/modules/juce_audio_plugin_client", "$(inherited)");
				INFOPLIST_FILE = Info-AU.plist;
				INFOPLIST_PREPROCESS = NO;
				INSTALL_PATH = "$(HOME)/Library/Audio/Plug-Ins/Components/";
				LIBRARY_STYLE = Bundle;
				LLVM_LTO = YES;
				MACOSX_DEPLOYMENT_TARGET = 10.11;
				MACOSX_DEPLOYMENT_TARGET_ppc = 10.4;
				OTHER_LDFLAGS = "-bundle -lOverrdrive";
				OTHER_REZFLAGS = "-d ppc_$ppc -d i386_$i386 -d ppc64_$ppc64 -d x86_64_$x86_64 -I /System/Library/Frameworks/CoreServices.framework/Frameworks/CarbonCore.framework/Versions/A/Headers -I \"$(DEVELOPER_DIR)/Extras/CoreAudio/AudioUnits/AUPublic/AUBase\"";
				PRODUCT_BUNDLE_IDENTIFIER = com.savonetj.Overdrive;
				SDKROOT_ppc = macosx10.5;
				USE_HEADERMAP = NO;
				WRAPPER_EXTENSION = component; }; name = Release; };
		60E29EF8188D46AFD8FE74C8 = {isa = XCBuildConfiguration; buildSettings = {
				CLANG_CXX_LANGUAGE_STANDARD = "c++11";
				CLANG_LINK_OBJC_RUNTIME = NO;
				COMBINE_HIDPI_IMAGES = YES;
				CONFIGURATION_BUILD_DIR = "$(PROJECT_DIR)/build/$(CONFIGURATION)";
				COPY_PHASE_STRIP = NO;
				GCC_DYNAMIC_NO_PIC = NO;
				GCC_OPTIMIZATION_LEVEL = 0;
				GCC_PREPROCESSOR_DEFINITIONS = (
					"_DEBUG=1",
					"DEBUG=1",
					"JUCER_XCODE_MAC_F6D2F4CF=1",
					"JUCE_APP_VERSION=1.0.0",
					"JUCE_APP_VERSION_HEX=0x10000",
					"JucePlugin_Build_VST=0",
					"JucePlugin_Build_VST3=0",
					"JucePlugin_Build_AU=0",
					"JucePlugin_Build_AUv3=0",
					"JucePlugin_Build_RTAS=0",
					"JucePlugin_Build_AAX=0",
					"JucePlugin_Build_Standalone=1", );
				GCC_VERSION = com.apple.compilers.llvm.clang.1_0;
				HEADER_SEARCH_PATHS = ("~/vst3sdk", "../../JuceLibraryCode", "~/JUCE/modules", "~/JUCE/modules/juce_audio_plugin_client", "$(inherited)");
				INFOPLIST_FILE = Info-Standalone_Plugin.plist;
				INFOPLIST_PREPROCESS = NO;
				MACOSX_DEPLOYMENT_TARGET = 10.11;
				MACOSX_DEPLOYMENT_TARGET_ppc = 10.4;
				OTHER_LDFLAGS = "-lOverrdrive";
				PRODUCT_BUNDLE_IDENTIFIER = com.savonetj.Overdrive;
				SDKROOT_ppc = macosx10.5;
				USE_HEADERMAP = NO; }; name = Debug; };
		FB76E958D75B9948B2692105 = {isa = XCBuildConfiguration; buildSettings = {
				CLANG_CXX_LANGUAGE_STANDARD = "c++11";
				CLANG_LINK_OBJC_RUNTIME = NO;
				COMBINE_HIDPI_IMAGES = YES;
				CONFIGURATION_BUILD_DIR = "$(PROJECT_DIR)/build/$(CONFIGURATION)";
				DEAD_CODE_STRIPPING = YES;
				GCC_GENERATE_DEBUGGING_SYMBOLS = NO;
				GCC_OPTIMIZATION_LEVEL = 3;
				GCC_PREPROCESSOR_DEFINITIONS = (
					"_NDEBUG=1",
					"NDEBUG=1",
					"JUCER_XCODE_MAC_F6D2F4CF=1",
					"JUCE_APP_VERSION=1.0.0",
					"JUCE_APP_VERSION_HEX=0x10000",
					"JucePlugin_Build_VST=0",
					"JucePlugin_Build_VST3=0",
					"JucePlugin_Build_AU=0",
					"JucePlugin_Build_AUv3=0",
					"JucePlugin_Build_RTAS=0",
					"JucePlugin_Build_AAX=0",
					"JucePlugin_Build_Standalone=1", );
				GCC_SYMBOLS_PRIVATE_EXTERN = YES;
				GCC_VERSION = com.apple.compilers.llvm.clang.1_0;
				HEADER_SEARCH_PATHS = ("~/vst3sdk", "../../JuceLibraryCode", "~/JUCE/modules", "~/JUCE/modules/juce_audio_plugin_client", "$(inherited)");
				INFOPLIST_FILE = Info-Standalone_Plugin.plist;
				INFOPLIST_PREPROCESS = NO;
				LLVM_LTO = YES;
				MACOSX_DEPLOYMENT_TARGET = 10.11;
				MACOSX_DEPLOYMENT_TARGET_ppc = 10.4;
				OTHER_LDFLAGS = "-lOverrdrive";
				PRODUCT_BUNDLE_IDENTIFIER = com.savonetj.Overdrive;
				SDKROOT_ppc = macosx10.5;
				USE_HEADERMAP = NO; }; name = Release; };
		2DBFB78CAF92EBB9B317E5D0 = {isa = XCBuildConfiguration; buildSettings = {
				CLANG_CXX_LANGUAGE_STANDARD = "c++11";
				CLANG_LINK_OBJC_RUNTIME = NO;
				COMBINE_HIDPI_IMAGES = YES;
				CONFIGURATION_BUILD_DIR = "$(PROJECT_DIR)/build/$(CONFIGURATION)";
				COPY_PHASE_STRIP = NO;
				GCC_DYNAMIC_NO_PIC = NO;
				GCC_OPTIMIZATION_LEVEL = 0;
				GCC_PREPROCESSOR_DEFINITIONS = (
					"_DEBUG=1",
					"DEBUG=1",
					"JUCER_XCODE_MAC_F6D2F4CF=1",
					"JUCE_APP_VERSION=1.0.0",
					"JUCE_APP_VERSION_HEX=0x10000",
					"JucePlugin_Build_VST=1",
					"JucePlugin_Build_VST3=1",
					"JucePlugin_Build_AU=1",
					"JucePlugin_Build_AUv3=0",
					"JucePlugin_Build_RTAS=0",
					"JucePlugin_Build_AAX=0",
					"JucePlugin_Build_Standalone=1",
					"JUCE_SHARED_CODE=1", );
				GCC_VERSION = com.apple.compilers.llvm.clang.1_0;
				HEADER_SEARCH_PATHS = ("~/vst3sdk", "../../JuceLibraryCode", "~/JUCE/modules", "~/JUCE/modules/juce_audio_plugin_client", "$(inherited)");
				INSTALL_PATH = "@executable_path/../Frameworks";
				MACOSX_DEPLOYMENT_TARGET = 10.11;
				MACOSX_DEPLOYMENT_TARGET_ppc = 10.4;
				PRODUCT_BUNDLE_IDENTIFIER = com.savonetj.Overdrive;
				SDKROOT_ppc = macosx10.5;
				USE_HEADERMAP = NO; }; name = Debug; };
		6C8AF414EF4725D7F14A41EC = {isa = XCBuildConfiguration; buildSettings = {
				CLANG_CXX_LANGUAGE_STANDARD = "c++11";
				CLANG_LINK_OBJC_RUNTIME = NO;
				COMBINE_HIDPI_IMAGES = YES;
				CONFIGURATION_BUILD_DIR = "$(PROJECT_DIR)/build/$(CONFIGURATION)";
				DEAD_CODE_STRIPPING = YES;
				GCC_GENERATE_DEBUGGING_SYMBOLS = NO;
				GCC_OPTIMIZATION_LEVEL = 3;
				GCC_PREPROCESSOR_DEFINITIONS = (
					"_NDEBUG=1",
					"NDEBUG=1",
					"JUCER_XCODE_MAC_F6D2F4CF=1",
					"JUCE_APP_VERSION=1.0.0",
					"JUCE_APP_VERSION_HEX=0x10000",
					"JucePlugin_Build_VST=1",
					"JucePlugin_Build_VST3=1",
					"JucePlugin_Build_AU=1",
					"JucePlugin_Build_AUv3=0",
					"JucePlugin_Build_RTAS=0",
					"JucePlugin_Build_AAX=0",
					"JucePlugin_Build_Standalone=1",
					"JUCE_SHARED_CODE=1", );
				GCC_SYMBOLS_PRIVATE_EXTERN = YES;
				GCC_VERSION = com.apple.compilers.llvm.clang.1_0;
				HEADER_SEARCH_PATHS = ("~/vst3sdk", "../../JuceLibraryCode", "~/JUCE/modules", "~/JUCE/modules/juce_audio_plugin_client", "$(inherited)");
				INSTALL_PATH = "@executable_path/../Frameworks";
				LLVM_LTO = YES;
				MACOSX_DEPLOYMENT_TARGET = 10.11;
				MACOSX_DEPLOYMENT_TARGET_ppc = 10.4;
				PRODUCT_BUNDLE_IDENTIFIER = com.savonetj.Overdrive;
				SDKROOT_ppc = macosx10.5;
				USE_HEADERMAP = NO; }; name = Release; };
		EAED39AAB6E06E2EC360809C = {isa = XCBuildConfiguration; buildSettings = {
				ALWAYS_SEARCH_USER_PATHS = NO;
				CLANG_WARN_BLOCK_CAPTURE_AUTORELEASING = YES;
				CLANG_WARN_BOOL_CONVERSION = YES;
				CLANG_WARN_COMMA = YES;
				CLANG_WARN_CONSTANT_CONVERSION = YES;
				CLANG_WARN_EMPTY_BODY = YES;
				CLANG_WARN_ENUM_CONVERSION = YES;
				CLANG_WARN_INFINITE_RECURSION = YES;
				CLANG_WARN_INT_CONVERSION = YES;
				CLANG_WARN_NON_LITERAL_NULL_CONVERSION = YES;
				CLANG_WARN_OBJC_LITERAL_CONVERSION = YES;
				CLANG_WARN_RANGE_LOOP_ANALYSIS = YES;
				CLANG_WARN_STRICT_PROTOTYPES = YES;
				CLANG_WARN_SUSPICIOUS_MOVE = YES;
				CLANG_WARN_UNREACHABLE_CODE = YES;
				CLANG_WARN__DUPLICATE_METHOD_MATCH = YES;
				DEBUG_INFORMATION_FORMAT = "dwarf";
				ENABLE_STRICT_OBJC_MSGSEND = YES;
				ENABLE_TESTABILITY = YES;
				GCC_C_LANGUAGE_STANDARD = c11;
				GCC_INLINES_ARE_PRIVATE_EXTERN = YES;
				GCC_MODEL_TUNING = G5;
				GCC_NO_COMMON_BLOCKS = YES;
				GCC_WARN_64_TO_32_BIT_CONVERSION = YES;
				GCC_WARN_ABOUT_RETURN_TYPE = YES;
				GCC_WARN_CHECK_SWITCH_STATEMENTS = YES;
				GCC_WARN_MISSING_PARENTHESES = YES;
				GCC_WARN_NON_VIRTUAL_DESTRUCTOR = YES;
				GCC_WARN_TYPECHECK_CALLS_TO_PRINTF = YES;
				GCC_WARN_UNDECLARED_SELECTOR = YES;
				GCC_WARN_UNINITIALIZED_AUTOS = YES;
				GCC_WARN_UNUSED_FUNCTION = YES;
				GCC_WARN_UNUSED_VARIABLE = YES;
				ONLY_ACTIVE_ARCH = YES;
				PRODUCT_NAME = "Overrdrive";
				WARNING_CFLAGS = -Wreorder;
				ZERO_LINK = NO; }; name = Debug; };
		94F875078660D3A37A402DD6 = {isa = XCBuildConfiguration; buildSettings = {
				ALWAYS_SEARCH_USER_PATHS = NO;
				CLANG_WARN_BLOCK_CAPTURE_AUTORELEASING = YES;
				CLANG_WARN_BOOL_CONVERSION = YES;
				CLANG_WARN_COMMA = YES;
				CLANG_WARN_CONSTANT_CONVERSION = YES;
				CLANG_WARN_EMPTY_BODY = YES;
				CLANG_WARN_ENUM_CONVERSION = YES;
				CLANG_WARN_INFINITE_RECURSION = YES;
				CLANG_WARN_INT_CONVERSION = YES;
				CLANG_WARN_NON_LITERAL_NULL_CONVERSION = YES;
				CLANG_WARN_OBJC_LITERAL_CONVERSION = YES;
				CLANG_WARN_RANGE_LOOP_ANALYSIS = YES;
				CLANG_WARN_STRICT_PROTOTYPES = YES;
				CLANG_WARN_SUSPICIOUS_MOVE = YES;
				CLANG_WARN_UNREACHABLE_CODE = YES;
				CLANG_WARN__DUPLICATE_METHOD_MATCH = YES;
				DEBUG_INFORMATION_FORMAT = "dwarf";
				ENABLE_STRICT_OBJC_MSGSEND = YES;
				GCC_C_LANGUAGE_STANDARD = c11;
				GCC_INLINES_ARE_PRIVATE_EXTERN = YES;
				GCC_MODEL_TUNING = G5;
				GCC_NO_COMMON_BLOCKS = YES;
				GCC_WARN_64_TO_32_BIT_CONVERSION = YES;
				GCC_WARN_ABOUT_RETURN_TYPE = YES;
				GCC_WARN_CHECK_SWITCH_STATEMENTS = YES;
				GCC_WARN_MISSING_PARENTHESES = YES;
				GCC_WARN_NON_VIRTUAL_DESTRUCTOR = YES;
				GCC_WARN_TYPECHECK_CALLS_TO_PRINTF = YES;
				GCC_WARN_UNDECLARED_SELECTOR = YES;
				GCC_WARN_UNINITIALIZED_AUTOS = YES;
				GCC_WARN_UNUSED_FUNCTION = YES;
				GCC_WARN_UNUSED_VARIABLE = YES;
				PRODUCT_NAME = "Overrdrive";
				WARNING_CFLAGS = -Wreorder;
				ZERO_LINK = NO; }; name = Release; };
		ABE76757A8FADCC3388342B2 = {isa = PBXTargetDependency; target = 40106FBA07D9D7FA6891E021; };
		EBB8973BBC3DC6A178C2754C = {isa = PBXTargetDependency; target = 00AF58F5DFFE61B3CAED5732; };
		2F5BD4E217FFA07E25E6FA9D = {isa = PBXTargetDependency; target = 8B4437F773FC179459482A5E; };
		149AD427D31C5B28E2CB102A = {isa = PBXTargetDependency; target = 9F1B2AC0B1F61FCC9F68C3D9; };
		085FBCD8C860144917E41C5C = {isa = PBXTargetDependency; target = 4188C3089E06CEC5DA7931CC; };
		89433FDD94BA7A44AEA3136E = {isa = XCConfigurationList; buildConfigurations = (
					EAED39AAB6E06E2EC360809C,
					94F875078660D3A37A402DD6, ); defaultConfigurationIsVisible = 0; defaultConfigurationName = Debug; };
		D94D0CE4174883FF9FD74D66 = {isa = XCConfigurationList; buildConfigurations = (
					F7DF046882FF2D67E9A3A7F5,
					D2C48703EEFF34E48301EB63, ); defaultConfigurationIsVisible = 0; defaultConfigurationName = Debug; };
		D42EE3AB500AB90DDEE73867 = {isa = PBXAggregateTarget; buildConfigurationList = D94D0CE4174883FF9FD74D66; buildPhases = (  ); buildRules = ( ); dependencies = (
					ABE76757A8FADCC3388342B2,
					EBB8973BBC3DC6A178C2754C,
					2F5BD4E217FFA07E25E6FA9D,
					149AD427D31C5B28E2CB102A,
					085FBCD8C860144917E41C5C, ); name = "Overrdrive - All"; productName = Overrdrive; };
		43941E5880470AD3D37F7236 = {isa = XCConfigurationList; buildConfigurations = (
					BBA8396CBFD1E8B60B6D16DE,
					CA019B53CBE69C26D524B728, ); defaultConfigurationIsVisible = 0; defaultConfigurationName = Debug; };
		0C7D7A4E33921DCAC7DCF85A = {isa = PBXResourcesBuildPhase; buildActionMask = 2147483647; files = (
					E6A337115F6230792EFB0571, ); runOnlyForDeploymentPostprocessing = 0; };
		BA4AEC2A17C01EEE7272C490 = {isa = PBXSourcesBuildPhase; buildActionMask = 2147483647; files = (
					9F030F01759ACEA8FF2AFDFB, ); runOnlyForDeploymentPostprocessing = 0; };
		9A7D25DCE8F525D5FF84434E = {isa = PBXFrameworksBuildPhase; buildActionMask = 2147483647; files = (
					55637392BF935049171E4768,
					36555EEF494D4B59A3ED1D01,
					849A04CDD3BDF2C1E06BC885,
					4AC9397D301AAB49D6C8981F,
					780310E6F4CA511F0BA3FFFC,
					17AF9C94FA8C4FD9ADAC2BE4,
					DEC5F7DD659CE34E439D8BA8,
					5A46BE43306E81556BCD3186,
					18D8101549A313ACA5FB5DB7,
					B53C2CE34B1F3DB7BD517646,
					92D9CC0186AFB9C21774B6B0,
					B744B2D5AB00F4DEF0EA911E,
					3D07749F0E3364568569FA1D,
					F956262A82CAD376D1BA7EDC, ); runOnlyForDeploymentPostprocessing = 0; };
		40106FBA07D9D7FA6891E021 = {isa = PBXNativeTarget; buildConfigurationList = 43941E5880470AD3D37F7236; buildPhases = (
					0C7D7A4E33921DCAC7DCF85A,
					BA4AEC2A17C01EEE7272C490,
					9A7D25DCE8F525D5FF84434E, ); buildRules = ( ); dependencies = (
					085FBCD8C860144917E41C5C, ); name = "Overrdrive - VST"; productName = Overrdrive; productReference = 1D8F51D42E940CCF56F101DB; productType = "com.apple.product-type.bundle"; };
		5B24BF30AC86E289F6664BB0 = {isa = XCConfigurationList; buildConfigurations = (
					A9CA1E7801CFF82B49143697,
					C8F672434AE10C894459BA2B, ); defaultConfigurationIsVisible = 0; defaultConfigurationName = Debug; };
		897B0106FDDE8771014B815D = {isa = PBXResourcesBuildPhase; buildActionMask = 2147483647; files = (
					E6A337115F6230792EFB0571, ); runOnlyForDeploymentPostprocessing = 0; };
		6152C381C964E867DDC3DCBC = {isa = PBXSourcesBuildPhase; buildActionMask = 2147483647; files = (
					A6526E17F943B9A6175C6753, ); runOnlyForDeploymentPostprocessing = 0; };
		A67EC4B97192DB56B83B33E3 = {isa = PBXFrameworksBuildPhase; buildActionMask = 2147483647; files = (
					55637392BF935049171E4768,
					36555EEF494D4B59A3ED1D01,
					849A04CDD3BDF2C1E06BC885,
					4AC9397D301AAB49D6C8981F,
					780310E6F4CA511F0BA3FFFC,
					17AF9C94FA8C4FD9ADAC2BE4,
					DEC5F7DD659CE34E439D8BA8,
					5A46BE43306E81556BCD3186,
					18D8101549A313ACA5FB5DB7,
					B53C2CE34B1F3DB7BD517646,
					92D9CC0186AFB9C21774B6B0,
					B744B2D5AB00F4DEF0EA911E,
					3D07749F0E3364568569FA1D,
					F956262A82CAD376D1BA7EDC, ); runOnlyForDeploymentPostprocessing = 0; };
		00AF58F5DFFE61B3CAED5732 = {isa = PBXNativeTarget; buildConfigurationList = 5B24BF30AC86E289F6664BB0; buildPhases = (
					897B0106FDDE8771014B815D,
					6152C381C964E867DDC3DCBC,
					A67EC4B97192DB56B83B33E3, ); buildRules = ( ); dependencies = (
					085FBCD8C860144917E41C5C, ); name = "Overrdrive - VST3"; productName = Overrdrive; productReference = FDEFAB9542ACD2B57DD6539E; productType = "com.apple.product-type.bundle"; };
		DB878840CB4BB908AEC26DB3 = {isa = XCConfigurationList; buildConfigurations = (
					3C43EA126A02146619290C2C,
					A6496CF55FB6C74D0FDD0549, ); defaultConfigurationIsVisible = 0; defaultConfigurationName = Debug; };
		8088D5504DBEC71B60F4CEFF = {isa = PBXResourcesBuildPhase; buildActionMask = 2147483647; files = (
					E6A337115F6230792EFB0571, ); runOnlyForDeploymentPostprocessing = 0; };
		A213A5962D9C5901843EEB29 = {isa = PBXRezBuildPhase; buildActionMask = 2147483647; files = (
					7B874FAFB49776AFA4F47495, ); runOnlyForDeploymentPostprocessing = 0; };
		5D669733835EACD3C4CCB127 = {isa = PBXSourcesBuildPhase; buildActionMask = 2147483647; files = (
					450FA17C1C8DED4AF15BADCB,
					0EA2438A15D83B252F859569, ); runOnlyForDeploymentPostprocessing = 0; };
		C10FAB76C2DCC7F057AC720E = {isa = PBXFrameworksBuildPhase; buildActionMask = 2147483647; files = (
					55637392BF935049171E4768,
					36555EEF494D4B59A3ED1D01,
					B95919D842E5829C0AD1D787,
					849A04CDD3BDF2C1E06BC885,
					4AC9397D301AAB49D6C8981F,
					780310E6F4CA511F0BA3FFFC,
					17AF9C94FA8C4FD9ADAC2BE4,
					DEC5F7DD659CE34E439D8BA8,
					EE1E45F5D5029790A433A53F,
					5A46BE43306E81556BCD3186,
					18D8101549A313ACA5FB5DB7,
					B53C2CE34B1F3DB7BD517646,
					92D9CC0186AFB9C21774B6B0,
					B744B2D5AB00F4DEF0EA911E,
					3D07749F0E3364568569FA1D,
					F956262A82CAD376D1BA7EDC, ); runOnlyForDeploymentPostprocessing = 0; };
		8B4437F773FC179459482A5E = {isa = PBXNativeTarget; buildConfigurationList = DB878840CB4BB908AEC26DB3; buildPhases = (
					8088D5504DBEC71B60F4CEFF,
					A213A5962D9C5901843EEB29,
					5D669733835EACD3C4CCB127,
					C10FAB76C2DCC7F057AC720E, ); buildRules = ( ); dependencies = (
					085FBCD8C860144917E41C5C, ); name = "Overrdrive - AU"; productName = Overrdrive; productReference = 7D77A632CC0F8727A45F740F; productType = "com.apple.product-type.bundle"; };
		7968D79AD208CB51FDB65E71 = {isa = XCConfigurationList; buildConfigurations = (
					60E29EF8188D46AFD8FE74C8,
					FB76E958D75B9948B2692105, ); defaultConfigurationIsVisible = 0; defaultConfigurationName = Debug; };
		DD87C71575A0038EF0513E15 = {isa = PBXResourcesBuildPhase; buildActionMask = 2147483647; files = (
					E6A337115F6230792EFB0571, ); runOnlyForDeploymentPostprocessing = 0; };
		491151D7864F447A299CCE5F = {isa = PBXSourcesBuildPhase; buildActionMask = 2147483647; files = (
					FF4B35078D74BD5C23349DA7, ); runOnlyForDeploymentPostprocessing = 0; };
		2404936063A8626F950F4492 = {isa = PBXFrameworksBuildPhase; buildActionMask = 2147483647; files = (
					55637392BF935049171E4768,
					36555EEF494D4B59A3ED1D01,
					849A04CDD3BDF2C1E06BC885,
					4AC9397D301AAB49D6C8981F,
					780310E6F4CA511F0BA3FFFC,
					17AF9C94FA8C4FD9ADAC2BE4,
					DEC5F7DD659CE34E439D8BA8,
					5A46BE43306E81556BCD3186,
					18D8101549A313ACA5FB5DB7,
					B53C2CE34B1F3DB7BD517646,
					92D9CC0186AFB9C21774B6B0,
					B744B2D5AB00F4DEF0EA911E,
					3D07749F0E3364568569FA1D,
					F956262A82CAD376D1BA7EDC, ); runOnlyForDeploymentPostprocessing = 0; };
		9F1B2AC0B1F61FCC9F68C3D9 = {isa = PBXNativeTarget; buildConfigurationList = 7968D79AD208CB51FDB65E71; buildPhases = (
					DD87C71575A0038EF0513E15,
					491151D7864F447A299CCE5F,
					2404936063A8626F950F4492, ); buildRules = ( ); dependencies = (
					085FBCD8C860144917E41C5C, ); name = "Overrdrive - Standalone Plugin"; productName = Overrdrive; productReference = 04D56B2AFDAF42130CE100C5; productType = "com.apple.product-type.application"; };
		4A7B596DFBA1CA303B8AA5FE = {isa = XCConfigurationList; buildConfigurations = (
					2DBFB78CAF92EBB9B317E5D0,
					6C8AF414EF4725D7F14A41EC, ); defaultConfigurationIsVisible = 0; defaultConfigurationName = Debug; };
		1203C1D5D997740CA7C44B90 = {isa = PBXSourcesBuildPhase; buildActionMask = 2147483647; files = (
					00A70181DA03FB20B4BBFB0D,
					346349800378C0DA4949017A,
					0121C9EBB5DE0F843B1D86AF,
					435E9EC3717C77BABADE5BBB,
					88A0B8143DA4DAE5E1577A99,
					BFEAB20A7CF08313DC2D5A7D,
					5BA2E1320D0B984A84952A92,
					D2C9A85342949B1F727D8139,
					73520A0CDE7DC7B124F97DC2,
					8A3128DE594CF260959CD083,
					6665AC1D7C579238816AA7A0,
					69C19AD75A6D22D512CA28D4,
					765EC1549224CE92DC6ACF31,
					4B0E4F9210BAB9723FC5A786,
					B2588A744F5187DACC06614B,
					40B456B2031D523E44689147,
					A3545C93CB7EC7BABFD2C133,
					5AB0A0F659E25071D01C37F0,
					E3593BAECA9934A9A85A0E98,
					5E2EE52A4A1878A693FCBAAF,
					E7C8F66148A5A58AB7D0EA55, ); runOnlyForDeploymentPostprocessing = 0; };
		4188C3089E06CEC5DA7931CC = {isa = PBXNativeTarget; buildConfigurationList = 4A7B596DFBA1CA303B8AA5FE; buildPhases = (
					1203C1D5D997740CA7C44B90, ); buildRules = ( ); dependencies = (  ); name = "Overrdrive - Shared Code"; productName = Overrdrive; productReference = 0692267ECF0F7D1E484F08BF; productType = "com.apple.product-type.library.static"; };
		8DFD905375203B8CE8F62439 = {isa = PBXProject; buildConfigurationList = 89433FDD94BA7A44AEA3136E; attributes = { LastUpgradeCheck = 0830; ORGANIZATIONNAME = ""; TargetAttributes = { D42EE3AB500AB90DDEE73867 = { SystemCapabilities = {com.apple.ApplicationGroups.iOS = { enabled = 0; }; com.apple.InAppPurchase = { enabled = 0; }; com.apple.InterAppAudio = { enabled = 0; }; com.apple.Push = { enabled = 0; }; com.apple.Sandbox = { enabled = 0; }; }; };40106FBA07D9D7FA6891E021 = { SystemCapabilities = {com.apple.ApplicationGroups.iOS = { enabled = 0; }; com.apple.InAppPurchase = { enabled = 0; }; com.apple.InterAppAudio = { enabled = 0; }; com.apple.Push = { enabled = 0; }; com.apple.Sandbox = { enabled = 0; }; }; };00AF58F5DFFE61B3CAED5732 = { SystemCapabilities = {com.apple.ApplicationGroups.iOS = { enabled = 0; }; com.apple.InAppPurchase = { enabled = 0; }; com.apple.InterAppAudio = { enabled = 0; }; com.apple.Push = { enabled = 0; }; com.apple.Sandbox = { enabled = 0; }; }; };8B4437F773FC179459482A5E = { SystemCapabilities = {com.apple.ApplicationGroups.iOS = { enabled = 0; }; com.apple.InAppPurchase = { enabled = 0; }; com.apple.InterAppAudio = { enabled = 0; }; com.apple.Push = { enabled = 0; }; com.apple.Sandbox = { enabled = 0; }; }; };9F1B2AC0B1F61FCC9F68C3D9 = { SystemCapabilities = {com.apple.ApplicationGroups.iOS = { enabled = 0; }; com.apple.InAppPurchase = { enabled = 0; }; com.apple.InterAppAudio = { enabled = 0; }; com.apple.Push = { enabled = 0; }; com.apple.Sandbox = { enabled = 0; }; }; };4188C3089E06CEC5DA7931CC = { SystemCapabilities = {com.apple.ApplicationGroups.iOS = { enabled = 0; }; com.apple.InAppPurchase = { enabled = 0; }; com.apple.InterAppAudio = { enabled = 0; }; com.apple.Push = { enabled = 0; }; com.apple.Sandbox = { enabled = 0; }; }; }; }; }; compatibilityVersion = "Xcode 3.2"; hasScannedForEncodings = 0; mainGroup = 43E78A6ACCE56174C48E5296; projectDirPath = ""; projectRoot = ""; targets = (D42EE3AB500AB90DDEE73867, 40106FBA07D9D7FA6891E021, 00AF58F5DFFE61B3CAED5732, 8B4437F773FC179459482A5E, 9F1B2AC0B1F61FCC9F68C3D9, 4188C3089E06CEC5DA7931CC); };
	};
	rootObject = 8DFD905375203B8CE8F62439;
}
